
Microsoft Visual Studio Solution File, Format Version 12.00
# Visual Studio Version 17
VisualStudioVersion = 17.4.33213.308
MinimumVisualStudioVersion = 10.0.40219.1
Project("{9A19103F-16F7-4668-BE54-9A1E7A4F7556}") = "Flattiverse.Connector", "connector-csharp\Flattiverse.Connector\Flattiverse.Connector\Flattiverse.Connector.csproj", "{F3B53847-C921-49ED-8F05-0C5CDDE21CAC}"
EndProject
Project("{FAE04EC0-301F-11D3-BF4B-00C04F79EFBC}") = "Anti_UEdit", "Anti_UEdit\Anti_UEdit.csproj", "{C10B4302-F628-479E-89C2-E3EE26E9AB86}"
EndProject
Global
	GlobalSection(SolutionConfigurationPlatforms) = preSolution
		Debug|Any CPU = Debug|Any CPU
		Release|Any CPU = Release|Any CPU
	EndGlobalSection
	GlobalSection(ProjectConfigurationPlatforms) = postSolution
		{F3B53847-C921-49ED-8F05-0C5CDDE21CAC}.Debug|Any CPU.ActiveCfg = Debug|Any CPU
		{F3B53847-C921-49ED-8F05-0C5CDDE21CAC}.Debug|Any CPU.Build.0 = Debug|Any CPU
		{F3B53847-C921-49ED-8F05-0C5CDDE21CAC}.Release|Any CPU.ActiveCfg = Release|Any CPU
		{F3B53847-C921-49ED-8F05-0C5CDDE21CAC}.Release|Any CPU.Build.0 = Release|Any CPU
		{C10B4302-F628-479E-89C2-E3EE26E9AB86}.Debug|Any CPU.ActiveCfg = Debug|Any CPU
		{C10B4302-F628-479E-89C2-E3EE26E9AB86}.Debug|Any CPU.Build.0 = Debug|Any CPU
		{C10B4302-F628-479E-89C2-E3EE26E9AB86}.Release|Any CPU.ActiveCfg = Release|Any CPU
		{C10B4302-F628-479E-89C2-E3EE26E9AB86}.Release|Any CPU.Build.0 = Release|Any CPU
	EndGlobalSection
	GlobalSection(SolutionProperties) = preSolution
		HideSolutionNode = FALSE
	EndGlobalSection
	GlobalSection(ExtensibilityGlobals) = postSolution
		SolutionGuid = {6CE82B69-2061-4DAD-81CC-F273431F9FFE}
	EndGlobalSection
EndGlobal
